Microsoft Visual Studio Solution File, Format Version 12.00
# Visual Studio Version 17
VisualStudioVersion = 17.5.2.0
MinimumVisualStudioVersion = 10.0.40219.1
Project("{FAE04EC0-301F-11D3-BF4B-00C04F79EFBC}") = "Konfucjusz", "Konfucjusz.csproj", "{78CE954E-8363-7051-F2AE-40CA6DB3BFE1}"
EndProject
Global
	GlobalSection(SolutionConfigurationPlatforms) = preSolution
		Debug|Any CPU = Debug|Any CPU
		Release|Any CPU = Release|Any CPU
	EndGlobalSection
	GlobalSection(ProjectConfigurationPlatforms) = postSolution
		{78CE954E-8363-7051-F2AE-40CA6DB3BFE1}.Debug|Any CPU.ActiveCfg = Debug|Any CPU
		{78CE954E-8363-7051-F2AE-40CA6DB3BFE1}.Debug|Any CPU.Build.0 = Debug|Any CPU
		{78CE954E-8363-7051-F2AE-40CA6DB3BFE1}.Release|Any CPU.ActiveCfg = Release|Any CPU
		{78CE954E-8363-7051-F2AE-40CA6DB3BFE1}.Release|Any CPU.Build.0 = Release|Any CPU
	EndGlobalSection
	GlobalSection(SolutionProperties) = preSolution
		HideSolutionNode = FALSE
	EndGlobalSection
	GlobalSection(ExtensibilityGlobals) = postSolution
		SolutionGuid = {396B360E-C22A-46F6-8A7D-B523108680C4}
	EndGlobalSection
EndGlobal
